
Microsoft Visual Studio Solution File, Format Version 12.00
# Visual Studio Version 16
VisualStudioVersion = 16.0.29709.97
MinimumVisualStudioVersion = 10.0.40219.1
Project("{2150E333-8FDC-42A3-9474-1A3956D46DE8}") = "Solution Items", "Solution Items", "{3E7677E6-DEB8-4B06-A8D5-9B0CD8A4D7CD}"
	ProjectSection(SolutionItems) = preProject
		question1_black_panther.txt = question1_black_panther.txt
		question2_star_wars.txt = question2_star_wars.txt
		question3_stan_lee.txt = question3_stan_lee.txt
		question4_spider-verse.txt = question4_spider-verse.txt
		question5_issue_202.txt = question5_issue_202.txt
		question6_hulk_+_Wolverine.txt = question6_hulk_+_Wolverine.txt
	EndProjectSection
EndProject
Global
	GlobalSection(SolutionProperties) = preSolution
		HideSolutionNode = FALSE
	EndGlobalSection
	GlobalSection(ExtensibilityGlobals) = postSolution
		SolutionGuid = {FACDC110-D46E-4210-8F7E-735A5A349D05}
	EndGlobalSection
EndGlobal
